
Microsoft Visual Studio Solution File, Format Version 12.00
# Visual Studio 2012
Project("{FAE04EC0-301F-11D3-BF4B-00C04F79EFBC}") = "Rush", "Rush\Rush.csproj", "{7F2E5878-B41B-47EE-B1D0-A42612BCF5BB}"
EndProject
Project("{FAE04EC0-301F-11D3-BF4B-00C04F79EFBC}") = "Tests", "Tests\Tests.csproj", "{EBB06883-6457-41E9-828F-2F7391180FC7}"
EndProject
Project("{2150E333-8FDC-42A3-9474-1A3956D46DE8}") = ".nuget", ".nuget", "{A5B28130-35F0-4490-98C9-BAA76D101371}"
	ProjectSection(SolutionItems) = preProject
		.nuget\NuGet.Config = .nuget\NuGet.Config
		.nuget\NuGet.exe = .nuget\NuGet.exe
		.nuget\NuGet.targets = .nuget\NuGet.targets
	EndProjectSection
EndProject
Global
	GlobalSection(SolutionConfigurationPlatforms) = preSolution
		Debug|Any CPU = Debug|Any CPU
		Release|Any CPU = Release|Any CPU
	EndGlobalSection
	GlobalSection(ProjectConfigurationPlatforms) = postSolution
		{7F2E5878-B41B-47EE-B1D0-A42612BCF5BB}.Debug|Any CPU.ActiveCfg = Debug|Any CPU
		{7F2E5878-B41B-47EE-B1D0-A42612BCF5BB}.Debug|Any CPU.Build.0 = Debug|Any CPU
		{7F2E5878-B41B-47EE-B1D0-A42612BCF5BB}.Release|Any CPU.ActiveCfg = Release|Any CPU
		{7F2E5878-B41B-47EE-B1D0-A42612BCF5BB}.Release|Any CPU.Build.0 = Release|Any CPU
		{EBB06883-6457-41E9-828F-2F7391180FC7}.Debug|Any CPU.ActiveCfg = Debug|Any CPU
		{EBB06883-6457-41E9-828F-2F7391180FC7}.Debug|Any CPU.Build.0 = Debug|Any CPU
		{EBB06883-6457-41E9-828F-2F7391180FC7}.Release|Any CPU.ActiveCfg = Release|Any CPU
		{EBB06883-6457-41E9-828F-2F7391180FC7}.Release|Any CPU.Build.0 = Release|Any CPU
	EndGlobalSection
	GlobalSection(SolutionProperties) = preSolution
		HideSolutionNode = FALSE
	EndGlobalSection
EndGlobal
